
Microsoft Visual Studio Solution File, Format Version 12.00
# Visual Studio Version 16
VisualStudioVersion = 16.0.31105.61
MinimumVisualStudioVersion = 10.0.40219.1
Project("{FAE04EC0-301F-11D3-BF4B-00C04F79EFBC}") = "Retezce", "Retezce\Retezce.csproj", "{9DB5B1EB-5A52-46F7-8EF8-50F2EB7BD011}"
EndProject
Global
	GlobalSection(SolutionConfigurationPlatforms) = preSolution
		Debug|Any CPU = Debug|Any CPU
		Release|Any CPU = Release|Any CPU
	EndGlobalSection
	GlobalSection(ProjectConfigurationPlatforms) = postSolution
		{9DB5B1EB-5A52-46F7-8EF8-50F2EB7BD011}.Debug|Any CPU.ActiveCfg = Debug|Any CPU
		{9DB5B1EB-5A52-46F7-8EF8-50F2EB7BD011}.Debug|Any CPU.Build.0 = Debug|Any CPU
		{9DB5B1EB-5A52-46F7-8EF8-50F2EB7BD011}.Release|Any CPU.ActiveCfg = Release|Any CPU
		{9DB5B1EB-5A52-46F7-8EF8-50F2EB7BD011}.Release|Any CPU.Build.0 = Release|Any CPU
	EndGlobalSection
	GlobalSection(SolutionProperties) = preSolution
		HideSolutionNode = FALSE
	EndGlobalSection
	GlobalSection(ExtensibilityGlobals) = postSolution
		SolutionGuid = {CCE51946-C124-4D99-A9E1-5EC66766C23F}
	EndGlobalSection
EndGlobal
